// !$*UTF8*$!
{
	archiveVersion = 1;
	classes = {
	};
	objectVersion = 46;
	objects = {

/* Begin PBXBuildFile section */
		3FC29B4A1EC881EA0094275D /* main.m in Sources */ = {isa = PBXBuildFile; fileRef = 3FC29B491EC881EA0094275D /* main.m */; };
		3FC29B4D1EC881EA0094275D /* AppDelegate.m in Sources */ = {isa = PBXBuildFile; fileRef = 3FC29B4C1EC881EA0094275D /* AppDelegate.m */; };
		3FC29B501EC881EA0094275D /* ViewController.m in Sources */ = {isa = PBXBuildFile; fileRef = 3FC29B4F1EC881EA0094275D /* ViewController.m */; };
		3FC29B531EC881EA0094275D /* Main.storyboard in Resources */ = {isa = PBXBuildFile; fileRef = 3FC29B511EC881EA0094275D /* Main.storyboard */; };
		3FC29B551EC881EA0094275D /* Assets.xcassets in Resources */ = {isa = PBXBuildFile; fileRef = 3FC29B541EC881EA0094275D /* Assets.xcassets */; };
		3FC29B581EC881EA0094275D /* LaunchScreen.storyboard in Resources */ = {isa = PBXBuildFile; fileRef = 3FC29B561EC881EA0094275D /* LaunchScreen.storyboard */; };
		3FC29B611EC882570094275D /* Tools.swift in Sources */ = {isa = PBXBuildFile; fileRef = 3FC29B601EC882570094275D /* Tools.swift */; };
		3FC29B641EC884FB0094275D /* OCTools.m in Sources */ = {isa = PBXBuildFile; fileRef = 3FC29B631EC884FB0094275D /* OCTools.m */; };
		3FC29B661EC88BD80094275D /* Info.swift in Sources */ = {isa = PBXBuildFile; fileRef = 3FC29B651EC88BD80094275D /* Info.swift */; };
		3FD812BA1ECDDFA400F87DF7 /* Apollo.framework in Frameworks */ = {isa = PBXBuildFile; fileRef = 3FD812AD1ECDDF9500F87DF7 /* Apollo.framework */; };
		3FD812BB1ECDDFA400F87DF7 /* Apollo.framework in Embed Frameworks */ = {isa = PBXBuildFile; fileRef = 3FD812AD1ECDDF9500F87DF7 /* Apollo.framework */; settings = {ATTRIBUTES = (CodeSignOnCopy, RemoveHeadersOnCopy, ); }; };
		3FD812C01ECDE08600F87DF7 /* API.swift in Sources */ = {isa = PBXBuildFile; fileRef = 3FD812BF1ECDE08600F87DF7 /* API.swift */; };
/* End PBXBuildFile section */

/* Begin PBXContainerItemProxy section */
		3FD812AC1ECDDF9500F87DF7 /* PBXContainerItemProxy */ = {
			isa = PBXContainerItemProxy;
			containerPortal = 3FD812A21ECDDF9500F87DF7 /* Apollo.xcodeproj */;
			proxyType = 2;
			remoteGlobalIDString = 9FC750441D2A532C00458D91;
			remoteInfo = "Apollo iOS";
		};
		3FD812AE1ECDDF9500F87DF7 /* PBXContainerItemProxy */ = {
			isa = PBXContainerItemProxy;
			containerPortal = 3FD812A21ECDDF9500F87DF7 /* Apollo.xcodeproj */;
			proxyType = 2;
			remoteGlobalIDString = 9FC7504E1D2A532D00458D91;
			remoteInfo = "ApolloTests iOS";
		};
		3FD812B01ECDDF9500F87DF7 /* PBXContainerItemProxy */ = {
			isa = PBXContainerItemProxy;
			containerPortal = 3FD812A21ECDDF9500F87DF7 /* Apollo.xcodeproj */;
			proxyType = 2;
			remoteGlobalIDString = 3C4DBCD11DD21C9D005B61D0;
			remoteInfo = "Apollo watchOS";
		};
		3FD812B21ECDDF9500F87DF7 /* PBXContainerItemProxy */ = {
			isa = PBXContainerItemProxy;
			containerPortal = 3FD812A21ECDDF9500F87DF7 /* Apollo.xcodeproj */;
			proxyType = 2;
			remoteGlobalIDString = 3C4DBCDE1DD21CEF005B61D0;
			remoteInfo = "Apollo tvOS";
		};
		3FD812B41ECDDF9500F87DF7 /* PBXContainerItemProxy */ = {
			isa = PBXContainerItemProxy;
			containerPortal = 3FD812A21ECDDF9500F87DF7 /* Apollo.xcodeproj */;
			proxyType = 2;
			remoteGlobalIDString = 3C4DBCE61DD21CF0005B61D0;
			remoteInfo = "ApolloTests tvOS";
		};
		3FD812B61ECDDF9500F87DF7 /* PBXContainerItemProxy */ = {
			isa = PBXContainerItemProxy;
			containerPortal = 3FD812A21ECDDF9500F87DF7 /* Apollo.xcodeproj */;
			proxyType = 2;
			remoteGlobalIDString = 3C4DBCFA1DD21D53005B61D0;
			remoteInfo = "Apollo macOS";
		};
		3FD812B81ECDDF9500F87DF7 /* PBXContainerItemProxy */ = {
			isa = PBXContainerItemProxy;
			containerPortal = 3FD812A21ECDDF9500F87DF7 /* Apollo.xcodeproj */;
			proxyType = 2;
			remoteGlobalIDString = 3C4DBD021DD21D53005B61D0;
			remoteInfo = "ApolloTests macOS";
		};
		3FD812BC1ECDDFA400F87DF7 /* PBXContainerItemProxy */ = {
			isa = PBXContainerItemProxy;
			containerPortal = 3FD812A21ECDDF9500F87DF7 /* Apollo.xcodeproj */;
			proxyType = 1;
			remoteGlobalIDString = 9FC750431D2A532C00458D91;
			remoteInfo = "Apollo iOS";
		};
/* End PBXContainerItemProxy section */

/* Begin PBXCopyFilesBuildPhase section */
		3FD812BE1ECDDFA400F87DF7 /* Embed Frameworks */ = {
			isa = PBXCopyFilesBuildPhase;
			buildActionMask = 2147483647;
			dstPath = "";
			dstSubfolderSpec = 10;
			files = (
				3FD812BB1ECDDFA400F87DF7 /* Apollo.framework in Embed Frameworks */,
			);
			name = "Embed Frameworks";
			runOnlyForDeploymentPostprocessing = 0;
		};
/* End PBXCopyFilesBuildPhase section */

/* Begin PBXFileReference section */
		3FC29B451EC881EA0094275D /* OCDemo.app */ = {isa = PBXFileReference; explicitFileType = wrapper.application; includeInIndex = 0; path = OCDemo.app; sourceTree = BUILT_PRODUCTS_DIR; };
		3FC29B491EC881EA0094275D /* main.m */ = {isa = PBXFileReference; lastKnownFileType = sourcecode.c.objc; path = main.m; sourceTree = "<group>"; };
		3FC29B4B1EC881EA0094275D /* AppDelegate.h */ = {isa = PBXFileReference; lastKnownFileType = sourcecode.c.h; path = AppDelegate.h; sourceTree = "<group>"; };
		3FC29B4C1EC881EA0094275D /* AppDelegate.m */ = {isa = PBXFileReference; lastKnownFileType = sourcecode.c.objc; path = AppDelegate.m; sourceTree = "<group>"; };
		3FC29B4E1EC881EA0094275D /* ViewController.h */ = {isa = PBXFileReference; lastKnownFileType = sourcecode.c.h; path = ViewController.h; sourceTree = "<group>"; };
		3FC29B4F1EC881EA0094275D /* ViewController.m */ = {isa = PBXFileReference; lastKnownFileType = sourcecode.c.objc; path = ViewController.m; sourceTree = "<group>"; };
		3FC29B521EC881EA0094275D /* Base */ = {isa = PBXFileReference; lastKnownFileType = file.storyboard; name = Base; path = Base.lproj/Main.storyboard; sourceTree = "<group>"; };
		3FC29B541EC881EA0094275D /* Assets.xcassets */ = {isa = PBXFileReference; lastKnownFileType = folder.assetcatalog; path = Assets.xcassets; sourceTree = "<group>"; };
		3FC29B571EC881EA0094275D /* Base */ = {isa = PBXFileReference; lastKnownFileType = file.storyboard; name = Base; path = Base.lproj/LaunchScreen.storyboard; sourceTree = "<group>"; };
		3FC29B591EC881EA0094275D /* Info.plist */ = {isa = PBXFileReference; lastKnownFileType = text.plist.xml; path = Info.plist; sourceTree = "<group>"; };
		3FC29B5F1EC882570094275D /* OCDemo-Bridging-Header.h */ = {isa = PBXFileReference; lastKnownFileType = sourcecode.c.h; path = "OCDemo-Bridging-Header.h"; sourceTree = "<group>"; };
		3FC29B601EC882570094275D /* Tools.swift */ = {isa = PBXFileReference; fileEncoding = 4; lastKnownFileType = sourcecode.swift; path = Tools.swift; sourceTree = "<group>"; };
		3FC29B621EC884FB0094275D /* OCTools.h */ = {isa = PBXFileReference; fileEncoding = 4; lastKnownFileType = sourcecode.c.h; path = OCTools.h; sourceTree = "<group>"; };
		3FC29B631EC884FB0094275D /* OCTools.m */ = {isa = PBXFileReference; fileEncoding = 4; lastKnownFileType = sourcecode.c.objc; path = OCTools.m; sourceTree = "<group>"; };
		3FC29B651EC88BD80094275D /* Info.swift */ = {isa = PBXFileReference; fileEncoding = 4; lastKnownFileType = sourcecode.swift; path = Info.swift; sourceTree = "<group>"; };
		3FD812A21ECDDF9500F87DF7 /* Apollo.xcodeproj */ = {isa = PBXFileReference; lastKnownFileType = "wrapper.pb-project"; name = Apollo.xcodeproj; path = "apollo-ios/Apollo.xcodeproj"; sourceTree = SOURCE_ROOT; };
		3FD812BF1ECDE08600F87DF7 /* API.swift */ = {isa = PBXFileReference; fileEncoding = 4; lastKnownFileType = sourcecode.swift; path = API.swift; sourceTree = "<group>"; };
/* End PBXFileReference section */

/* Begin PBXFrameworksBuildPhase section */
		3FC29B421EC881EA0094275D /* Frameworks */ = {
			isa = PBXFrameworksBuildPhase;
			buildActionMask = 2147483647;
			files = (
				3FD812BA1ECDDFA400F87DF7 /* Apollo.framework in Frameworks */,
			);
			runOnlyForDeploymentPostprocessing = 0;
		};
/* End PBXFrameworksBuildPhase section */

/* Begin PBXGroup section */
		3FC29B3C1EC881EA0094275D = {
			isa = PBXGroup;
			children = (
				3FC29B471EC881EA0094275D /* OCDemo */,
				3FC29B461EC881EA0094275D /* Products */,
			);
			sourceTree = "<group>";
		};
		3FC29B461EC881EA0094275D /* Products */ = {
			isa = PBXGroup;
			children = (
				3FC29B451EC881EA0094275D /* OCDemo.app */,
			);
			name = Products;
			sourceTree = "<group>";
		};
		3FC29B471EC881EA0094275D /* OCDemo */ = {
			isa = PBXGroup;
			children = (
				3FD812A21ECDDF9500F87DF7 /* Apollo.xcodeproj */,
				3FC29B4B1EC881EA0094275D /* AppDelegate.h */,
				3FC29B4C1EC881EA0094275D /* AppDelegate.m */,
				3FC29B4E1EC881EA0094275D /* ViewController.h */,
				3FC29B4F1EC881EA0094275D /* ViewController.m */,
				3FC29B651EC88BD80094275D /* Info.swift */,
				3FC29B601EC882570094275D /* Tools.swift */,
				3FD812BF1ECDE08600F87DF7 /* API.swift */,
				3FC29B511EC881EA0094275D /* Main.storyboard */,
				3FC29B541EC881EA0094275D /* Assets.xcassets */,
				3FC29B561EC881EA0094275D /* LaunchScreen.storyboard */,
				3FC29B591EC881EA0094275D /* Info.plist */,
				3FC29B481EC881EA0094275D /* Supporting Files */,
				3FC29B5F1EC882570094275D /* OCDemo-Bridging-Header.h */,
				3FC29B621EC884FB0094275D /* OCTools.h */,
				3FC29B631EC884FB0094275D /* OCTools.m */,
			);
			path = OCDemo;
			sourceTree = "<group>";
		};
		3FC29B481EC881EA0094275D /* Supporting Files */ = {
			isa = PBXGroup;
			children = (
				3FC29B491EC881EA0094275D /* main.m */,
			);
			name = "Supporting Files";
			sourceTree = "<group>";
		};
		3FD812A31ECDDF9500F87DF7 /* Products */ = {
			isa = PBXGroup;
			children = (
				3FD812AD1ECDDF9500F87DF7 /* Apollo.framework */,
				3FD812AF1ECDDF9500F87DF7 /* ApolloTests iOS.xctest */,
				3FD812B11ECDDF9500F87DF7 /* Apollo.framework */,
				3FD812B31ECDDF9500F87DF7 /* Apollo.framework */,
				3FD812B51ECDDF9500F87DF7 /* ApolloTests tvOS.xctest */,
				3FD812B71ECDDF9500F87DF7 /* Apollo.framework */,
				3FD812B91ECDDF9500F87DF7 /* ApolloTests macOS.xctest */,
			);
			name = Products;
			sourceTree = "<group>";
		};
/* End PBXGroup section */

/* Begin PBXNativeTarget section */
		3FC29B441EC881EA0094275D /* OCDemo */ = {
			isa = PBXNativeTarget;
			buildConfigurationList = 3FC29B5C1EC881EA0094275D /* Build configuration list for PBXNativeTarget "OCDemo" */;
			buildPhases = (
				3FC29B411EC881EA0094275D /* Sources */,
				3FC29B421EC881EA0094275D /* Frameworks */,
				3FC29B431EC881EA0094275D /* Resources */,
				3FD812BE1ECDDFA400F87DF7 /* Embed Frameworks */,
			);
			buildRules = (
			);
			dependencies = (
				3FD812BD1ECDDFA400F87DF7 /* PBXTargetDependency */,
			);
			name = OCDemo;
			productName = OCDemo;
			productReference = 3FC29B451EC881EA0094275D /* OCDemo.app */;
			productType = "com.apple.product-type.application";
		};
/* End PBXNativeTarget section */

/* Begin PBXProject section */
		3FC29B3D1EC881EA0094275D /* Project object */ = {
			isa = PBXProject;
			attributes = {
				LastUpgradeCheck = 0820;
				ORGANIZATIONNAME = jing;
				TargetAttributes = {
					3FC29B441EC881EA0094275D = {
						CreatedOnToolsVersion = 8.2.1;
						LastSwiftMigration = 0820;
						ProvisioningStyle = Automatic;
					};
				};
			};
			buildConfigurationList = 3FC29B401EC881EA0094275D /* Build configuration list for PBXProject "OCDemo" */;
			compatibilityVersion = "Xcode 3.2";
			developmentRegion = English;
			hasScannedForEncodings = 0;
			knownRegions = (
				en,
				Base,
			);
			mainGroup = 3FC29B3C1EC881EA0094275D;
			productRefGroup = 3FC29B461EC881EA0094275D /* Products */;
			projectDirPath = "";
			projectReferences = (
				{
					ProductGroup = 3FD812A31ECDDF9500F87DF7 /* Products */;
					ProjectRef = 3FD812A21ECDDF9500F87DF7 /* Apollo.xcodeproj */;
				},
			);
			projectRoot = "";
			targets = (
				3FC29B441EC881EA0094275D /* OCDemo */,
			);
		};
/* End PBXProject section */

/* Begin PBXReferenceProxy section */
		3FD812AD1ECDDF9500F87DF7 /* Apollo.framework */ = {
			isa = PBXReferenceProxy;
			fileType = wrapper.framework;
			path = Apollo.framework;
			remoteRef = 3FD812AC1ECDDF9500F87DF7 /* PBXContainerItemProxy */;
			sourceTree = BUILT_PRODUCTS_DIR;
		};
		3FD812AF1ECDDF9500F87DF7 /* ApolloTests iOS.xctest */ = {
			isa = PBXReferenceProxy;
			fileType = wrapper.cfbundle;
			path = "ApolloTests iOS.xctest";
			remoteRef = 3FD812AE1ECDDF9500F87DF7 /* PBXContainerItemProxy */;
			sourceTree = BUILT_PRODUCTS_DIR;
		};
		3FD812B11ECDDF9500F87DF7 /* Apollo.framework */ = {
			isa = PBXReferenceProxy;
			fileType = wrapper.framework;
			path = Apollo.framework;
			remoteRef = 3FD812B01ECDDF9500F87DF7 /* PBXContainerItemProxy */;
			sourceTree = BUILT_PRODUCTS_DIR;
		};
		3FD812B31ECDDF9500F87DF7 /* Apollo.framework */ = {
			isa = PBXReferenceProxy;
			fileType = wrapper.framework;
			path = Apollo.framework;
			remoteRef = 3FD812B21ECDDF9500F87DF7 /* PBXContainerItemProxy */;
			sourceTree = BUILT_PRODUCTS_DIR;
		};
		3FD812B51ECDDF9500F87DF7 /* ApolloTests tvOS.xctest */ = {
			isa = PBXReferenceProxy;
			fileType = wrapper.cfbundle;
			path = "ApolloTests tvOS.xctest";
			remoteRef = 3FD812B41ECDDF9500F87DF7 /* PBXContainerItemProxy */;
			sourceTree = BUILT_PRODUCTS_DIR;
		};
		3FD812B71ECDDF9500F87DF7 /* Apollo.framework */ = {
			isa = PBXReferenceProxy;
			fileType = wrapper.framework;
			path = Apollo.framework;
			remoteRef = 3FD812B61ECDDF9500F87DF7 /* PBXContainerItemProxy */;
			sourceTree = BUILT_PRODUCTS_DIR;
		};
		3FD812B91ECDDF9500F87DF7 /* ApolloTests macOS.xctest */ = {
			isa = PBXReferenceProxy;
			fileType = wrapper.cfbundle;
			path = "ApolloTests macOS.xctest";
			remoteRef = 3FD812B81ECDDF9500F87DF7 /* PBXContainerItemProxy */;
			sourceTree = BUILT_PRODUCTS_DIR;
		};
/* End PBXReferenceProxy section */

/* Begin PBXResourcesBuildPhase section */
		3FC29B431EC881EA0094275D /* Resources */ = {
			isa = PBXResourcesBuildPhase;
			buildActionMask = 2147483647;
			files = (
				3FC29B581EC881EA0094275D /* LaunchScreen.storyboard in Resources */,
				3FC29B551EC881EA0094275D /* Assets.xcassets in Resources */,
				3FC29B531EC881EA0094275D /* Main.storyboard in Resources */,
			);
			runOnlyForDeploymentPostprocessing = 0;
		};
/* End PBXResourcesBuildPhase section */

/* Begin PBXSourcesBuildPhase section */
		3FC29B411EC881EA0094275D /* Sources */ = {
			isa = PBXSourcesBuildPhase;
			buildActionMask = 2147483647;
			files = (
				3FC29B501EC881EA0094275D /* ViewController.m in Sources */,
				3FC29B641EC884FB0094275D /* OCTools.m in Sources */,
				3FC29B4D1EC881EA0094275D /* AppDelegate.m in Sources */,
				3FC29B661EC88BD80094275D /* Info.swift in Sources */,
				3FC29B4A1EC881EA0094275D /* main.m in Sources */,
				3FC29B611EC882570094275D /* Tools.swift in Sources */,
				3FD812C01ECDE08600F87DF7 /* API.swift in Sources */,
			);
			runOnlyForDeploymentPostprocessing = 0;
		};
/* End PBXSourcesBuildPhase section */

/* Begin PBXTargetDependency section */
		3FD812BD1ECDDFA400F87DF7 /* PBXTargetDependency */ = {
			isa = PBXTargetDependency;
			name = "Apollo iOS";
			targetProxy = 3FD812BC1ECDDFA400F87DF7 /* PBXContainerItemProxy */;
		};
/* End PBXTargetDependency section */

/* Begin PBXVariantGroup section */
		3FC29B511EC881EA0094275D /* Main.storyboard */ = {
			isa = PBXVariantGroup;
			children = (
				3FC29B521EC881EA0094275D /* Base */,
			);
			name = Main.storyboard;
			sourceTree = "<group>";
		};
		3FC29B561EC881EA0094275D /* LaunchScreen.storyboard */ = {
			isa = PBXVariantGroup;
			children = (
				3FC29B571EC881EA0094275D /* Base */,
			);
			name = LaunchScreen.storyboard;
			sourceTree = "<group>";
		};
/* End PBXVariantGroup section */

/* Begin XCBuildConfiguration section */
		3FC29B5A1EC881EA0094275D /* Debug */ = {
			isa = XCBuildConfiguration;
			buildSettings = {
				ALWAYS_SEARCH_USER_PATHS = NO;
				CLANG_ANALYZER_NONNULL = YES;
				CLANG_CXX_LANGUAGE_STANDARD = "gnu++0x";
				CLANG_CXX_LIBRARY = "libc++";
				CLANG_ENABLE_MODULES = YES;
				CLANG_ENABLE_OBJC_ARC = YES;
				CLANG_WARN_BOOL_CONVERSION = YES;
				CLANG_WARN_CONSTANT_CONVERSION = YES;
				CLANG_WARN_DIRECT_OBJC_ISA_USAGE = YES_ERROR;
				CLANG_WARN_DOCUMENTATION_COMMENTS = YES;
				CLANG_WARN_EMPTY_BODY = YES;
				CLANG_WARN_ENUM_CONVERSION = YES;
				CLANG_WARN_INFINITE_RECURSION = YES;
				CLANG_WARN_INT_CONVERSION = YES;
				CLANG_WARN_OBJC_ROOT_CLASS = YES_ERROR;
				CLANG_WARN_SUSPICIOUS_MOVE = YES;
				CLANG_WARN_UNREACHABLE_CODE = YES;
				CLANG_WARN__DUPLICATE_METHOD_MATCH = YES;
				"CODE_SIGN_IDENTITY[sdk=iphoneos*]" = "iPhone Developer";
				COPY_PHASE_STRIP = NO;
				DEBUG_INFORMATION_FORMAT = dwarf;
				ENABLE_STRICT_OBJC_MSGSEND = YES;
				ENABLE_TESTABILITY = YES;
				GCC_C_LANGUAGE_STANDARD = gnu99;
				GCC_DYNAMIC_NO_PIC = NO;
				GCC_NO_COMMON_BLOCKS = YES;
				GCC_OPTIMIZATION_LEVEL = 0;
				GCC_PREPROCESSOR_DEFINITIONS = (
					"DEBUG=1",
					"$(inherited)",
				);
				GCC_WARN_64_TO_32_BIT_CONVERSION = YES;
				GCC_WARN_ABOUT_RETURN_TYPE = YES_ERROR;
				GCC_WARN_UNDECLARED_SELECTOR = YES;
				GCC_WARN_UNINITIALIZED_AUTOS = YES_AGGRESSIVE;
				GCC_WARN_UNUSED_FUNCTION = YES;
				GCC_WARN_UNUSED_VARIABLE = YES;
				IPHONEOS_DEPLOYMENT_TARGET = 10.2;
				MTL_ENABLE_DEBUG_INFO = YES;
				ONLY_ACTIVE_ARCH = YES;
				SDKROOT = iphoneos;
				TARGETED_DEVICE_FAMILY = "1,2";
			};
			name = Debug;
		};
		3FC29B5B1EC881EA0094275D /* Release */ = {
			isa = XCBuildConfiguration;
			buildSettings = {
				ALWAYS_SEARCH_USER_PATHS = NO;
				CLANG_ANALYZER_NONNULL = YES;
				CLANG_CXX_LANGUAGE_STANDARD = "gnu++0x";
				CLANG_CXX_LIBRARY = "libc++";
				CLANG_ENABLE_MODULES = YES;
				CLANG_ENABLE_OBJC_ARC = YES;
				CLANG_WARN_BOOL_CONVERSION = YES;
				CLANG_WARN_CONSTANT_CONVERSION = YES;
				CLANG_WARN_DIRECT_OBJC_ISA_USAGE = YES_ERROR;
				CLANG_WARN_DOCUMENTATION_COMMENTS = YES;
				CLANG_WARN_EMPTY_BODY = YES;
				CLANG_WARN_ENUM_CONVERSION = YES;
				CLANG_WARN_INFINITE_RECURSION = YES;
				CLANG_WARN_INT_CONVERSION = YES;
				CLANG_WARN_OBJC_ROOT_CLASS = YES_ERROR;
				CLANG_WARN_SUSPICIOUS_MOVE = YES;
				CLANG_WARN_UNREACHABLE_CODE = YES;
				CLANG_WARN__DUPLICATE_METHOD_MATCH = YES;
				"CODE_SIGN_IDENTITY[sdk=iphoneos*]" = "iPhone Developer";
				COPY_PHASE_STRIP = NO;
				DEBUG_INFORMATION_FORMAT = "dwarf-with-dsym";
				ENABLE_NS_ASSERTIONS = NO;
				ENABLE_STRICT_OBJC_MSGSEND = YES;
				GCC_C_LANGUAGE_STANDARD = gnu99;
				GCC_NO_COMMON_BLOCKS = YES;
				GCC_WARN_64_TO_32_BIT_CONVERSION = YES;
				GCC_WARN_ABOUT_RETURN_TYPE = YES_ERROR;
				GCC_WARN_UNDECLARED_SELECTOR = YES;
				GCC_WARN_UNINITIALIZED_AUTOS = YES_AGGRESSIVE;
				GCC_WARN_UNUSED_FUNCTION = YES;
				GCC_WARN_UNUSED_VARIABLE = YES;
				IPHONEOS_DEPLOYMENT_TARGET = 10.2;
				MTL_ENABLE_DEBUG_INFO = NO;
				SDKROOT = iphoneos;
				TARGETED_DEVICE_FAMILY = "1,2";
				VALIDATE_PRODUCT = YES;
			};
			name = Release;
		};
		3FC29B5D1EC881EA0094275D /* Debug */ = {
			isa = XCBuildConfiguration;
			buildSettings = {
				ALWAYS_EMBED_SWIFT_STANDARD_LIBRARIES = YES;
				ASSETCATALOG_COMPILER_APPICON_NAME = AppIcon;
				CLANG_ENABLE_MODULES = YES;
				INFOPLIST_FILE = OCDemo/Info.plist;
				LD_RUNPATH_SEARCH_PATHS = "$(inherited) @executable_path/Frameworks";
				PRODUCT_BUNDLE_IDENTIFIER = iHealth.OCDemo;
				PRODUCT_NAME = "$(TARGET_NAME)";
				SWIFT_OBJC_BRIDGING_HEADER = "OCDemo/OCDemo-Bridging-Header.h";
				SWIFT_OPTIMIZATION_LEVEL = "-Onone";
				SWIFT_VERSION = 3.0;
			};
			name = Debug;
		};
		3FC29B5E1EC881EA0094275D /* Release */ = {
			isa = XCBuildConfiguration;
			buildSettings = {
				ALWAYS_EMBED_SWIFT_STANDARD_LIBRARIES = YES;
				ASSETCATALOG_COMPILER_APPICON_NAME = AppIcon;
				CLANG_ENABLE_MODULES = YES;
				INFOPLIST_FILE = OCDemo/Info.plist;
				LD_RUNPATH_SEARCH_PATHS = "$(inherited) @executable_path/Frameworks";
				PRODUCT_BUNDLE_IDENTIFIER = iHealth.OCDemo;
				PRODUCT_NAME = "$(TARGET_NAME)";
				SWIFT_OBJC_BRIDGING_HEADER = "OCDemo/OCDemo-Bridging-Header.h";
				SWIFT_VERSION = 3.0;
			};
			name = Release;
		};
/* End XCBuildConfiguration section */

/* Begin XCConfigurationList section */
		3FC29B401EC881EA0094275D /* Build configuration list for PBXProject "OCDemo" */ = {
			isa = XCConfigurationList;
			buildConfigurations = (
				3FC29B5A1EC881EA0094275D /* Debug */,
				3FC29B5B1EC881EA0094275D /* Release */,
			);
			defaultConfigurationIsVisible = 0;
			defaultConfigurationName = Release;
		};
		3FC29B5C1EC881EA0094275D /* Build configuration list for PBXNativeTarget "OCDemo" */ = {
			isa = XCConfigurationList;
			buildConfigurations = (
				3FC29B5D1EC881EA0094275D /* Debug */,
				3FC29B5E1EC881EA0094275D /* Release */,
			);
			defaultConfigurationIsVisible = 0;
			defaultConfigurationName = Release;
		};
/* End XCConfigurationList section */
	};
	rootObject = 3FC29B3D1EC881EA0094275D /* Project object */;
}
